
Microsoft Visual Studio Solution File, Format Version 11.00
# Visual Studio 2010
Project("{FAE04EC0-301F-11D3-BF4B-00C04F79EFBC}") = "Random Platformer LV Generation", "Assembly-CSharp.csproj", "{612DD9FD-983E-242F-FD55-5CA864DBFDAE}"
EndProject
Global
	GlobalSection(SolutionConfigurationPlatforms) = preSolution
		Debug|Any CPU = Debug|Any CPU
		Release|Any CPU = Release|Any CPU
	EndGlobalSection
	GlobalSection(ProjectConfigurationPlatforms) = postSolution
		{612DD9FD-983E-242F-FD55-5CA864DBFDAE}.Debug|Any CPU.ActiveCfg = Debug|Any CPU
		{612DD9FD-983E-242F-FD55-5CA864DBFDAE}.Debug|Any CPU.Build.0 = Debug|Any CPU
		{612DD9FD-983E-242F-FD55-5CA864DBFDAE}.Release|Any CPU.ActiveCfg = Release|Any CPU
		{612DD9FD-983E-242F-FD55-5CA864DBFDAE}.Release|Any CPU.Build.0 = Release|Any CPU
	EndGlobalSection
	GlobalSection(SolutionProperties) = preSolution
		HideSolutionNode = FALSE
	EndGlobalSection
	GlobalSection(MonoDevelopProperties) = preSolution
		StartupItem = Assembly-CSharp.csproj
	EndGlobalSection
EndGlobal
